
Microsoft Visual Studio Solution File, Format Version 11.00
# Visual Studio 2010
Project("{FAE04EC0-301F-11D3-BF4B-00C04F79EFBC}") = "XNAFinalEngineContentPipelineExtension", "XNAFinalEngineContentPipelineExtension\XNAFinalEngineContentPipelineExtension.csproj", "{D17667E3-C4A6-477E-8F3E-C6A4A9A95DE0}"
EndProject
Project("{FAE04EC0-301F-11D3-BF4B-00C04F79EFBC}") = "XNAFinalEngineContentPipelineExtensionRuntime", "XNAFinalEngineContentPipelineExtensionRuntime\XNAFinalEngineContentPipelineExtensionRuntime.csproj", "{E3A98759-8C7F-4660-8D70-1B89C1F04235}"
EndProject
Project("{FAE04EC0-301F-11D3-BF4B-00C04F79EFBC}") = "XNAFinalEngineContentPipelineExtensionRuntime XBOX 360", "XNAFinalEngineContentPipelineExtensionRuntime\XNAFinalEngineContentPipelineExtensionRuntime XBOX 360.csproj", "{5D1093DE-88C6-4A36-9704-4B13C0D7BAB4}"
EndProject
Project("{FAE04EC0-301F-11D3-BF4B-00C04F79EFBC}") = "XNAFinalEngineUserInterface", "XNAFinalEngineUserInterface\XNAFinalEngineUserInterface.csproj", "{325E066A-2186-4FA6-A8DB-31A578C0CCDA}"
EndProject
Project("{FAE04EC0-301F-11D3-BF4B-00C04F79EFBC}") = "XNAFinalEngineUserInterface XBOX 360", "XNAFinalEngineUserInterface\XNAFinalEngineUserInterface XBOX 360.csproj", "{97E24E47-E11E-4AA6-A60D-115373276FE0}"
EndProject
Project("{FAE04EC0-301F-11D3-BF4B-00C04F79EFBC}") = "Examples", "Examples\Examples\Examples.csproj", "{5038085D-C5FC-42AE-BE84-4BE30208566B}"
EndProject
Project("{FAE04EC0-301F-11D3-BF4B-00C04F79EFBC}") = "ExamplesContent", "Examples\ExamplesContent\ExamplesContent.contentproj", "{1DCDC24D-03EB-48D9-B7AD-C55E97825498}"
EndProject
Project("{FAE04EC0-301F-11D3-BF4B-00C04F79EFBC}") = "XNAFinalEngine", "XNAFinalEngine\XNAFinalEngine.csproj", "{5AE97C4B-A27B-4C92-9D18-078227F41DE3}"
EndProject
Project("{FAE04EC0-301F-11D3-BF4B-00C04F79EFBC}") = "XNAFinalEngine XBOX 360", "XNAFinalEngine\XNAFinalEngine XBOX 360.csproj", "{A5E7E718-C31C-42EA-8981-DF057F030BC7}"
EndProject
Project("{FAE04EC0-301F-11D3-BF4B-00C04F79EFBC}") = "Examples XBOX 360", "Examples\Examples\Examples XBOX 360.csproj", "{18945951-17CF-4393-BEAC-3C86D5E99414}"
EndProject
Global
	GlobalSection(SolutionConfigurationPlatforms) = preSolution
		Debug|Mixed Platforms = Debug|Mixed Platforms
		Debug|x86 = Debug|x86
		Debug|Xbox 360 = Debug|Xbox 360
		Release|Mixed Platforms = Release|Mixed Platforms
		Release|x86 = Release|x86
		Release|Xbox 360 = Release|Xbox 360
	EndGlobalSection
	GlobalSection(ProjectConfigurationPlatforms) = postSolution
		{D17667E3-C4A6-477E-8F3E-C6A4A9A95DE0}.Debug|Mixed Platforms.ActiveCfg = Debug|x86
		{D17667E3-C4A6-477E-8F3E-C6A4A9A95DE0}.Debug|Mixed Platforms.Build.0 = Debug|x86
		{D17667E3-C4A6-477E-8F3E-C6A4A9A95DE0}.Debug|x86.ActiveCfg = Debug|x86
		{D17667E3-C4A6-477E-8F3E-C6A4A9A95DE0}.Debug|x86.Build.0 = Debug|x86
		{D17667E3-C4A6-477E-8F3E-C6A4A9A95DE0}.Debug|Xbox 360.ActiveCfg = Debug|x86
		{D17667E3-C4A6-477E-8F3E-C6A4A9A95DE0}.Debug|Xbox 360.Build.0 = Debug|x86
		{D17667E3-C4A6-477E-8F3E-C6A4A9A95DE0}.Release|Mixed Platforms.ActiveCfg = Debug|x86
		{D17667E3-C4A6-477E-8F3E-C6A4A9A95DE0}.Release|Mixed Platforms.Build.0 = Debug|x86
		{D17667E3-C4A6-477E-8F3E-C6A4A9A95DE0}.Release|x86.ActiveCfg = Debug|x86
		{D17667E3-C4A6-477E-8F3E-C6A4A9A95DE0}.Release|x86.Build.0 = Debug|x86
		{D17667E3-C4A6-477E-8F3E-C6A4A9A95DE0}.Release|Xbox 360.ActiveCfg = Debug|x86
		{D17667E3-C4A6-477E-8F3E-C6A4A9A95DE0}.Release|Xbox 360.Build.0 = Debug|x86
		{E3A98759-8C7F-4660-8D70-1B89C1F04235}.Debug|Mixed Platforms.ActiveCfg = Debug|x86
		{E3A98759-8C7F-4660-8D70-1B89C1F04235}.Debug|Mixed Platforms.Build.0 = Debug|x86
		{E3A98759-8C7F-4660-8D70-1B89C1F04235}.Debug|x86.ActiveCfg = Debug|x86
		{E3A98759-8C7F-4660-8D70-1B89C1F04235}.Debug|x86.Build.0 = Debug|x86
		{E3A98759-8C7F-4660-8D70-1B89C1F04235}.Debug|Xbox 360.ActiveCfg = Debug|x86
		{E3A98759-8C7F-4660-8D70-1B89C1F04235}.Debug|Xbox 360.Build.0 = Debug|x86
		{E3A98759-8C7F-4660-8D70-1B89C1F04235}.Release|Mixed Platforms.ActiveCfg = Release|x86
		{E3A98759-8C7F-4660-8D70-1B89C1F04235}.Release|Mixed Platforms.Build.0 = Release|x86
		{E3A98759-8C7F-4660-8D70-1B89C1F04235}.Release|x86.ActiveCfg = Release|x86
		{E3A98759-8C7F-4660-8D70-1B89C1F04235}.Release|x86.Build.0 = Release|x86
		{E3A98759-8C7F-4660-8D70-1B89C1F04235}.Release|Xbox 360.ActiveCfg = Release|x86
		{E3A98759-8C7F-4660-8D70-1B89C1F04235}.Release|Xbox 360.Build.0 = Release|x86
		{5D1093DE-88C6-4A36-9704-4B13C0D7BAB4}.Debug|Mixed Platforms.ActiveCfg = Debug|Xbox 360
		{5D1093DE-88C6-4A36-9704-4B13C0D7BAB4}.Debug|Mixed Platforms.Build.0 = Debug|Xbox 360
		{5D1093DE-88C6-4A36-9704-4B13C0D7BAB4}.Debug|x86.ActiveCfg = Debug|Xbox 360
		{5D1093DE-88C6-4A36-9704-4B13C0D7BAB4}.Debug|Xbox 360.ActiveCfg = Debug|Xbox 360
		{5D1093DE-88C6-4A36-9704-4B13C0D7BAB4}.Debug|Xbox 360.Build.0 = Debug|Xbox 360
		{5D1093DE-88C6-4A36-9704-4B13C0D7BAB4}.Release|Mixed Platforms.ActiveCfg = Release|Xbox 360
		{5D1093DE-88C6-4A36-9704-4B13C0D7BAB4}.Release|Mixed Platforms.Build.0 = Release|Xbox 360
		{5D1093DE-88C6-4A36-9704-4B13C0D7BAB4}.Release|x86.ActiveCfg = Release|Xbox 360
		{5D1093DE-88C6-4A36-9704-4B13C0D7BAB4}.Release|Xbox 360.ActiveCfg = Release|Xbox 360
		{5D1093DE-88C6-4A36-9704-4B13C0D7BAB4}.Release|Xbox 360.Build.0 = Release|Xbox 360
		{325E066A-2186-4FA6-A8DB-31A578C0CCDA}.Debug|Mixed Platforms.ActiveCfg = Debug|x86
		{325E066A-2186-4FA6-A8DB-31A578C0CCDA}.Debug|Mixed Platforms.Build.0 = Debug|x86
		{325E066A-2186-4FA6-A8DB-31A578C0CCDA}.Debug|x86.ActiveCfg = Debug|x86
		{325E066A-2186-4FA6-A8DB-31A578C0CCDA}.Debug|x86.Build.0 = Debug|x86
		{325E066A-2186-4FA6-A8DB-31A578C0CCDA}.Debug|Xbox 360.ActiveCfg = Debug|x86
		{325E066A-2186-4FA6-A8DB-31A578C0CCDA}.Release|Mixed Platforms.ActiveCfg = Release|x86
		{325E066A-2186-4FA6-A8DB-31A578C0CCDA}.Release|Mixed Platforms.Build.0 = Release|x86
		{325E066A-2186-4FA6-A8DB-31A578C0CCDA}.Release|x86.ActiveCfg = Release|x86
		{325E066A-2186-4FA6-A8DB-31A578C0CCDA}.Release|x86.Build.0 = Release|x86
		{325E066A-2186-4FA6-A8DB-31A578C0CCDA}.Release|Xbox 360.ActiveCfg = Release|x86
		{97E24E47-E11E-4AA6-A60D-115373276FE0}.Debug|Mixed Platforms.ActiveCfg = Debug|Xbox 360
		{97E24E47-E11E-4AA6-A60D-115373276FE0}.Debug|Mixed Platforms.Build.0 = Debug|Xbox 360
		{97E24E47-E11E-4AA6-A60D-115373276FE0}.Debug|x86.ActiveCfg = Debug|Xbox 360
		{97E24E47-E11E-4AA6-A60D-115373276FE0}.Debug|Xbox 360.ActiveCfg = Debug|Xbox 360
		{97E24E47-E11E-4AA6-A60D-115373276FE0}.Debug|Xbox 360.Build.0 = Debug|Xbox 360
		{97E24E47-E11E-4AA6-A60D-115373276FE0}.Release|Mixed Platforms.ActiveCfg = Release|Xbox 360
		{97E24E47-E11E-4AA6-A60D-115373276FE0}.Release|Mixed Platforms.Build.0 = Release|Xbox 360
		{97E24E47-E11E-4AA6-A60D-115373276FE0}.Release|x86.ActiveCfg = Release|Xbox 360
		{97E24E47-E11E-4AA6-A60D-115373276FE0}.Release|Xbox 360.ActiveCfg = Release|Xbox 360
		{97E24E47-E11E-4AA6-A60D-115373276FE0}.Release|Xbox 360.Build.0 = Release|Xbox 360
		{5038085D-C5FC-42AE-BE84-4BE30208566B}.Debug|Mixed Platforms.ActiveCfg = Debug|x86
		{5038085D-C5FC-42AE-BE84-4BE30208566B}.Debug|Mixed Platforms.Build.0 = Debug|x86
		{5038085D-C5FC-42AE-BE84-4BE30208566B}.Debug|x86.ActiveCfg = Debug|x86
		{5038085D-C5FC-42AE-BE84-4BE30208566B}.Debug|x86.Build.0 = Debug|x86
		{5038085D-C5FC-42AE-BE84-4BE30208566B}.Debug|Xbox 360.ActiveCfg = Debug|x86
		{5038085D-C5FC-42AE-BE84-4BE30208566B}.Release|Mixed Platforms.ActiveCfg = Release|x86
		{5038085D-C5FC-42AE-BE84-4BE30208566B}.Release|Mixed Platforms.Build.0 = Release|x86
		{5038085D-C5FC-42AE-BE84-4BE30208566B}.Release|x86.ActiveCfg = Release|x86
		{5038085D-C5FC-42AE-BE84-4BE30208566B}.Release|x86.Build.0 = Release|x86
		{5038085D-C5FC-42AE-BE84-4BE30208566B}.Release|Xbox 360.ActiveCfg = Release|x86
		{1DCDC24D-03EB-48D9-B7AD-C55E97825498}.Debug|Mixed Platforms.ActiveCfg = Debug|x86
		{1DCDC24D-03EB-48D9-B7AD-C55E97825498}.Debug|x86.ActiveCfg = Debug|x86
		{1DCDC24D-03EB-48D9-B7AD-C55E97825498}.Debug|Xbox 360.ActiveCfg = Debug|x86
		{1DCDC24D-03EB-48D9-B7AD-C55E97825498}.Release|Mixed Platforms.ActiveCfg = Release|x86
		{1DCDC24D-03EB-48D9-B7AD-C55E97825498}.Release|x86.ActiveCfg = Release|x86
		{1DCDC24D-03EB-48D9-B7AD-C55E97825498}.Release|Xbox 360.ActiveCfg = Release|x86
		{5AE97C4B-A27B-4C92-9D18-078227F41DE3}.Debug|Mixed Platforms.ActiveCfg = Debug|x86
		{5AE97C4B-A27B-4C92-9D18-078227F41DE3}.Debug|Mixed Platforms.Build.0 = Debug|x86
		{5AE97C4B-A27B-4C92-9D18-078227F41DE3}.Debug|x86.ActiveCfg = Debug|x86
		{5AE97C4B-A27B-4C92-9D18-078227F41DE3}.Debug|x86.Build.0 = Debug|x86
		{5AE97C4B-A27B-4C92-9D18-078227F41DE3}.Debug|Xbox 360.ActiveCfg = Debug|x86
		{5AE97C4B-A27B-4C92-9D18-078227F41DE3}.Release|Mixed Platforms.ActiveCfg = Release|x86
		{5AE97C4B-A27B-4C92-9D18-078227F41DE3}.Release|Mixed Platforms.Build.0 = Release|x86
		{5AE97C4B-A27B-4C92-9D18-078227F41DE3}.Release|x86.ActiveCfg = Release|x86
		{5AE97C4B-A27B-4C92-9D18-078227F41DE3}.Release|x86.Build.0 = Release|x86
		{5AE97C4B-A27B-4C92-9D18-078227F41DE3}.Release|Xbox 360.ActiveCfg = Release|x86
		{A5E7E718-C31C-42EA-8981-DF057F030BC7}.Debug|Mixed Platforms.ActiveCfg = Debug|Xbox 360
		{A5E7E718-C31C-42EA-8981-DF057F030BC7}.Debug|Mixed Platforms.Build.0 = Debug|Xbox 360
		{A5E7E718-C31C-42EA-8981-DF057F030BC7}.Debug|x86.ActiveCfg = Debug|Xbox 360
		{A5E7E718-C31C-42EA-8981-DF057F030BC7}.Debug|Xbox 360.ActiveCfg = Debug|Xbox 360
		{A5E7E718-C31C-42EA-8981-DF057F030BC7}.Debug|Xbox 360.Build.0 = Debug|Xbox 360
		{A5E7E718-C31C-42EA-8981-DF057F030BC7}.Release|Mixed Platforms.ActiveCfg = Release|Xbox 360
		{A5E7E718-C31C-42EA-8981-DF057F030BC7}.Release|Mixed Platforms.Build.0 = Release|Xbox 360
		{A5E7E718-C31C-42EA-8981-DF057F030BC7}.Release|x86.ActiveCfg = Release|Xbox 360
		{A5E7E718-C31C-42EA-8981-DF057F030BC7}.Release|Xbox 360.ActiveCfg = Release|Xbox 360
		{A5E7E718-C31C-42EA-8981-DF057F030BC7}.Release|Xbox 360.Build.0 = Release|Xbox 360
		{18945951-17CF-4393-BEAC-3C86D5E99414}.Debug|Mixed Platforms.ActiveCfg = Debug|Xbox 360
		{18945951-17CF-4393-BEAC-3C86D5E99414}.Debug|Mixed Platforms.Build.0 = Debug|Xbox 360
		{18945951-17CF-4393-BEAC-3C86D5E99414}.Debug|Mixed Platforms.Deploy.0 = Debug|Xbox 360
		{18945951-17CF-4393-BEAC-3C86D5E99414}.Debug|x86.ActiveCfg = Debug|Xbox 360
		{18945951-17CF-4393-BEAC-3C86D5E99414}.Debug|Xbox 360.ActiveCfg = Debug|Xbox 360
		{18945951-17CF-4393-BEAC-3C86D5E99414}.Debug|Xbox 360.Build.0 = Debug|Xbox 360
		{18945951-17CF-4393-BEAC-3C86D5E99414}.Debug|Xbox 360.Deploy.0 = Debug|Xbox 360
		{18945951-17CF-4393-BEAC-3C86D5E99414}.Release|Mixed Platforms.ActiveCfg = Release|Xbox 360
		{18945951-17CF-4393-BEAC-3C86D5E99414}.Release|Mixed Platforms.Build.0 = Release|Xbox 360
		{18945951-17CF-4393-BEAC-3C86D5E99414}.Release|Mixed Platforms.Deploy.0 = Release|Xbox 360
		{18945951-17CF-4393-BEAC-3C86D5E99414}.Release|x86.ActiveCfg = Release|Xbox 360
		{18945951-17CF-4393-BEAC-3C86D5E99414}.Release|Xbox 360.ActiveCfg = Release|Xbox 360
		{18945951-17CF-4393-BEAC-3C86D5E99414}.Release|Xbox 360.Build.0 = Release|Xbox 360
		{18945951-17CF-4393-BEAC-3C86D5E99414}.Release|Xbox 360.Deploy.0 = Release|Xbox 360
	EndGlobalSection
	GlobalSection(SolutionProperties) = preSolution
		HideSolutionNode = FALSE
	EndGlobalSection
EndGlobal
